
Microsoft Visual Studio Solution File, Format Version 12.00
# Visual Studio 15
VisualStudioVersion = 15.0.28307.1062
MinimumVisualStudioVersion = 10.0.40219.1
Project("{FAE04EC0-301F-11D3-BF4B-00C04F79EFBC}") = "SerializePerson", "SerializePerson\SerializePerson.csproj", "{8EB5B75C-4CF0-458E-BF60-AA996C4F853E}"
EndProject
Global
	GlobalSection(SolutionConfigurationPlatforms) = preSolution
		Debug|Any CPU = Debug|Any CPU
		Release|Any CPU = Release|Any CPU
	EndGlobalSection
	GlobalSection(ProjectConfigurationPlatforms) = postSolution
		{8EB5B75C-4CF0-458E-BF60-AA996C4F853E}.Debug|Any CPU.ActiveCfg = Debug|Any CPU
		{8EB5B75C-4CF0-458E-BF60-AA996C4F853E}.Debug|Any CPU.Build.0 = Debug|Any CPU
		{8EB5B75C-4CF0-458E-BF60-AA996C4F853E}.Release|Any CPU.ActiveCfg = Release|Any CPU
		{8EB5B75C-4CF0-458E-BF60-AA996C4F853E}.Release|Any CPU.Build.0 = Release|Any CPU
	EndGlobalSection
	GlobalSection(SolutionProperties) = preSolution
		HideSolutionNode = FALSE
	EndGlobalSection
	GlobalSection(ExtensibilityGlobals) = postSolution
		SolutionGuid = {6D96C288-1BDC-4D7F-ABA5-A8209B9055DE}
	EndGlobalSection
EndGlobal
