
Microsoft Visual Studio Solution File, Format Version 12.00
# Visual Studio 15
VisualStudioVersion = 15.0.28307.1062
MinimumVisualStudioVersion = 10.0.40219.1
Project("{FAE04EC0-301F-11D3-BF4B-00C04F79EFBC}") = "EventLogTraceDemo", "EventLogTraceDemo\EventLogTraceDemo.csproj", "{DE34AC61-115A-45E6-88D5-9819AD842563}"
EndProject
Global
	GlobalSection(SolutionConfigurationPlatforms) = preSolution
		Debug|Any CPU = Debug|Any CPU
		Release|Any CPU = Release|Any CPU
	EndGlobalSection
	GlobalSection(ProjectConfigurationPlatforms) = postSolution
		{DE34AC61-115A-45E6-88D5-9819AD842563}.Debug|Any CPU.ActiveCfg = Debug|Any CPU
		{DE34AC61-115A-45E6-88D5-9819AD842563}.Debug|Any CPU.Build.0 = Debug|Any CPU
		{DE34AC61-115A-45E6-88D5-9819AD842563}.Release|Any CPU.ActiveCfg = Release|Any CPU
		{DE34AC61-115A-45E6-88D5-9819AD842563}.Release|Any CPU.Build.0 = Release|Any CPU
	EndGlobalSection
	GlobalSection(SolutionProperties) = preSolution
		HideSolutionNode = FALSE
	EndGlobalSection
	GlobalSection(ExtensibilityGlobals) = postSolution
		SolutionGuid = {09723397-4E81-4A75-8D8B-5BBE5DE870E4}
	EndGlobalSection
EndGlobal
