
Microsoft Visual Studio Solution File, Format Version 12.00
# Visual Studio 15
VisualStudioVersion = 15.0.28307.1062
MinimumVisualStudioVersion = 10.0.40219.1
Project("{FAE04EC0-301F-11D3-BF4B-00C04F79EFBC}") = "SequentialCollections", "SequentialCollections\SequentialCollections.csproj", "{897F8E75-285B-4FC4-AC17-0600E8E3F415}"
EndProject
Global
	GlobalSection(SolutionConfigurationPlatforms) = preSolution
		Debug|Any CPU = Debug|Any CPU
		Release|Any CPU = Release|Any CPU
	EndGlobalSection
	GlobalSection(ProjectConfigurationPlatforms) = postSolution
		{897F8E75-285B-4FC4-AC17-0600E8E3F415}.Debug|Any CPU.ActiveCfg = Debug|Any CPU
		{897F8E75-285B-4FC4-AC17-0600E8E3F415}.Debug|Any CPU.Build.0 = Debug|Any CPU
		{897F8E75-285B-4FC4-AC17-0600E8E3F415}.Release|Any CPU.ActiveCfg = Release|Any CPU
		{897F8E75-285B-4FC4-AC17-0600E8E3F415}.Release|Any CPU.Build.0 = Release|Any CPU
	EndGlobalSection
	GlobalSection(SolutionProperties) = preSolution
		HideSolutionNode = FALSE
	EndGlobalSection
	GlobalSection(ExtensibilityGlobals) = postSolution
		SolutionGuid = {4F6E2451-48BD-4EED-835A-1308760EC12A}
	EndGlobalSection
EndGlobal
