
Microsoft Visual Studio Solution File, Format Version 12.00
# Visual Studio Version 16
VisualStudioVersion = 16.0.29926.136
MinimumVisualStudioVersion = 10.0.40219.1
Project("{FAE04EC0-301F-11D3-BF4B-00C04F79EFBC}") = "NewCS", "NewCS\NewCS.csproj", "{CFAD429C-A89D-4430-842E-D90C714FCEBF}"
EndProject
Global
	GlobalSection(SolutionConfigurationPlatforms) = preSolution
		Debug|Any CPU = Debug|Any CPU
		Release|Any CPU = Release|Any CPU
	EndGlobalSection
	GlobalSection(ProjectConfigurationPlatforms) = postSolution
		{CFAD429C-A89D-4430-842E-D90C714FCEBF}.Debug|Any CPU.ActiveCfg = Debug|Any CPU
		{CFAD429C-A89D-4430-842E-D90C714FCEBF}.Debug|Any CPU.Build.0 = Debug|Any CPU
		{CFAD429C-A89D-4430-842E-D90C714FCEBF}.Release|Any CPU.ActiveCfg = Release|Any CPU
		{CFAD429C-A89D-4430-842E-D90C714FCEBF}.Release|Any CPU.Build.0 = Release|Any CPU
	EndGlobalSection
	GlobalSection(SolutionProperties) = preSolution
		HideSolutionNode = FALSE
	EndGlobalSection
	GlobalSection(ExtensibilityGlobals) = postSolution
		SolutionGuid = {4A2CE4DA-0BB7-4F6D-8BAC-1A88E4624E2D}
	EndGlobalSection
EndGlobal
