
Microsoft Visual Studio Solution File, Format Version 12.00
# Visual Studio 15
VisualStudioVersion = 15.0.28307.1062
MinimumVisualStudioVersion = 10.0.40219.1
Project("{FAE04EC0-301F-11D3-BF4B-00C04F79EFBC}") = "FileWatchingDemo", "FileWatchingDemo\FileWatchingDemo.csproj", "{FD21A567-8D64-4037-9357-BAF7C1F3DB1D}"
EndProject
Global
	GlobalSection(SolutionConfigurationPlatforms) = preSolution
		Debug|Any CPU = Debug|Any CPU
		Release|Any CPU = Release|Any CPU
	EndGlobalSection
	GlobalSection(ProjectConfigurationPlatforms) = postSolution
		{FD21A567-8D64-4037-9357-BAF7C1F3DB1D}.Debug|Any CPU.ActiveCfg = Debug|Any CPU
		{FD21A567-8D64-4037-9357-BAF7C1F3DB1D}.Debug|Any CPU.Build.0 = Debug|Any CPU
		{FD21A567-8D64-4037-9357-BAF7C1F3DB1D}.Release|Any CPU.ActiveCfg = Release|Any CPU
		{FD21A567-8D64-4037-9357-BAF7C1F3DB1D}.Release|Any CPU.Build.0 = Release|Any CPU
	EndGlobalSection
	GlobalSection(SolutionProperties) = preSolution
		HideSolutionNode = FALSE
	EndGlobalSection
	GlobalSection(ExtensibilityGlobals) = postSolution
		SolutionGuid = {0BB3F3B8-BE26-48A8-BEB1-3043A7E3BF65}
	EndGlobalSection
EndGlobal
