
Microsoft Visual Studio Solution File, Format Version 12.00
# Visual Studio 15
VisualStudioVersion = 15.0.28307.1062
MinimumVisualStudioVersion = 10.0.40219.1
Project("{FAE04EC0-301F-11D3-BF4B-00C04F79EFBC}") = "WindowsFormsApp1", "WindowsFormsApp1\WindowsFormsApp1.csproj", "{D2DF30C6-67BB-41CB-89C7-C4EED7370AE3}"
EndProject
Global
	GlobalSection(SolutionConfigurationPlatforms) = preSolution
		Debug|Any CPU = Debug|Any CPU
		Release|Any CPU = Release|Any CPU
	EndGlobalSection
	GlobalSection(ProjectConfigurationPlatforms) = postSolution
		{D2DF30C6-67BB-41CB-89C7-C4EED7370AE3}.Debug|Any CPU.ActiveCfg = Debug|Any CPU
		{D2DF30C6-67BB-41CB-89C7-C4EED7370AE3}.Debug|Any CPU.Build.0 = Debug|Any CPU
		{D2DF30C6-67BB-41CB-89C7-C4EED7370AE3}.Release|Any CPU.ActiveCfg = Release|Any CPU
		{D2DF30C6-67BB-41CB-89C7-C4EED7370AE3}.Release|Any CPU.Build.0 = Release|Any CPU
	EndGlobalSection
	GlobalSection(SolutionProperties) = preSolution
		HideSolutionNode = FALSE
	EndGlobalSection
	GlobalSection(ExtensibilityGlobals) = postSolution
		SolutionGuid = {659F179A-5429-485C-A5FD-829BF7F8282B}
	EndGlobalSection
EndGlobal
