
Microsoft Visual Studio Solution File, Format Version 12.00
# Visual Studio 15
VisualStudioVersion = 15.0.28307.1062
MinimumVisualStudioVersion = 10.0.40219.1
Project("{FAE04EC0-301F-11D3-BF4B-00C04F79EFBC}") = "EventLogDemo", "EventLogDemo\EventLogDemo.csproj", "{3BF619AA-8F47-4D4B-BF0B-2E2F9D339899}"
EndProject
Global
	GlobalSection(SolutionConfigurationPlatforms) = preSolution
		Debug|Any CPU = Debug|Any CPU
		Release|Any CPU = Release|Any CPU
	EndGlobalSection
	GlobalSection(ProjectConfigurationPlatforms) = postSolution
		{3BF619AA-8F47-4D4B-BF0B-2E2F9D339899}.Debug|Any CPU.ActiveCfg = Debug|Any CPU
		{3BF619AA-8F47-4D4B-BF0B-2E2F9D339899}.Debug|Any CPU.Build.0 = Debug|Any CPU
		{3BF619AA-8F47-4D4B-BF0B-2E2F9D339899}.Release|Any CPU.ActiveCfg = Release|Any CPU
		{3BF619AA-8F47-4D4B-BF0B-2E2F9D339899}.Release|Any CPU.Build.0 = Release|Any CPU
	EndGlobalSection
	GlobalSection(SolutionProperties) = preSolution
		HideSolutionNode = FALSE
	EndGlobalSection
	GlobalSection(ExtensibilityGlobals) = postSolution
		SolutionGuid = {3C916EE3-248D-4B55-B417-7D28DA873F4B}
	EndGlobalSection
EndGlobal
