
Microsoft Visual Studio Solution File, Format Version 12.00
# Visual Studio 15
VisualStudioVersion = 15.0.28307.1062
MinimumVisualStudioVersion = 10.0.40219.1
Project("{FAE04EC0-301F-11D3-BF4B-00C04F79EFBC}") = "FileWatchingDemo", "FileWatchingDemo\FileWatchingDemo.csproj", "{7FB01B05-3A96-4BE1-B46A-4F6C490267EC}"
EndProject
Global
	GlobalSection(SolutionConfigurationPlatforms) = preSolution
		Debug|Any CPU = Debug|Any CPU
		Release|Any CPU = Release|Any CPU
	EndGlobalSection
	GlobalSection(ProjectConfigurationPlatforms) = postSolution
		{7FB01B05-3A96-4BE1-B46A-4F6C490267EC}.Debug|Any CPU.ActiveCfg = Debug|Any CPU
		{7FB01B05-3A96-4BE1-B46A-4F6C490267EC}.Debug|Any CPU.Build.0 = Debug|Any CPU
		{7FB01B05-3A96-4BE1-B46A-4F6C490267EC}.Release|Any CPU.ActiveCfg = Release|Any CPU
		{7FB01B05-3A96-4BE1-B46A-4F6C490267EC}.Release|Any CPU.Build.0 = Release|Any CPU
	EndGlobalSection
	GlobalSection(SolutionProperties) = preSolution
		HideSolutionNode = FALSE
	EndGlobalSection
	GlobalSection(ExtensibilityGlobals) = postSolution
		SolutionGuid = {3524E63E-9653-43EE-9C52-DD1491118FBA}
	EndGlobalSection
EndGlobal
