
Microsoft Visual Studio Solution File, Format Version 12.00
# Visual Studio 15
VisualStudioVersion = 15.0.28307.1062
MinimumVisualStudioVersion = 10.0.40219.1
Project("{FAE04EC0-301F-11D3-BF4B-00C04F79EFBC}") = "BasicCollection", "BasicCollection\BasicCollection.csproj", "{8CE06C7D-B4FC-4081-B14D-F562E3108626}"
EndProject
Global
	GlobalSection(SolutionConfigurationPlatforms) = preSolution
		Debug|Any CPU = Debug|Any CPU
		Release|Any CPU = Release|Any CPU
	EndGlobalSection
	GlobalSection(ProjectConfigurationPlatforms) = postSolution
		{8CE06C7D-B4FC-4081-B14D-F562E3108626}.Debug|Any CPU.ActiveCfg = Debug|Any CPU
		{8CE06C7D-B4FC-4081-B14D-F562E3108626}.Debug|Any CPU.Build.0 = Debug|Any CPU
		{8CE06C7D-B4FC-4081-B14D-F562E3108626}.Release|Any CPU.ActiveCfg = Release|Any CPU
		{8CE06C7D-B4FC-4081-B14D-F562E3108626}.Release|Any CPU.Build.0 = Release|Any CPU
	EndGlobalSection
	GlobalSection(SolutionProperties) = preSolution
		HideSolutionNode = FALSE
	EndGlobalSection
	GlobalSection(ExtensibilityGlobals) = postSolution
		SolutionGuid = {499A4568-1147-4924-AE2C-CA8F914D188B}
	EndGlobalSection
EndGlobal
